{
  "name": "cypress-common",
  "version": "3.17.4",
  "lockfileVersion": 3,
  "requires": true,
  "packages": {
    "": {
      "name": "cypress-common",
      "version": "3.17.4",
      "license": "BSD-3-Clause",
      "dependencies": {
        "chai": "^6.2.1",
        "chai-dom": "^1.12.1"
      },
      "devDependencies": {
        "@types/chai-dom": "^1.11.3",
        "@types/lodash": "^4.17.21",
        "cypress": "^15.8.1",
        "js-precommit-hook": "ugent-library/js-precommit-hook#^v2.1.4",
        "typescript": "^5.9.3"
      }
    },
    "node_modules/@cypress/request": {
      "version": "3.0.9",
      "dev": true,
      "license": "Apache-2.0",
      "dependencies": {
        "aws-sign2": "~0.7.0",
        "aws4": "^1.8.0",
        "caseless": "~0.12.0",
        "combined-stream": "~1.0.6",
        "extend": "~3.0.2",
        "forever-agent": "~0.6.1",
        "form-data": "~4.0.4",
        "http-signature": "~1.4.0",
        "is-typedarray": "~1.0.0",
        "isstream": "~0.1.2",
        "json-stringify-safe": "~5.0.1",
        "mime-types": "~2.1.19",
        "performance-now": "^2.1.0",
        "qs": "6.14.0",
        "safe-buffer": "^5.1.2",
        "tough-cookie": "^5.0.0",
        "tunnel-agent": "^0.6.0",
        "uuid": "^8.3.2"
      },
      "engines": {
        "node": ">= 6"
      }
    },
    "node_modules/@cypress/request/node_modules/safe-buffer": {
      "version": "5.2.1",
      "dev": true,
      "funding": [
        {
          "type": "github",
          "url": "https://github.com/sponsors/feross"
        },
        {
          "type": "patreon",
          "url": "https://www.patreon.com/feross"
        },
        {
          "type": "consulting",
          "url": "https://feross.org/support"
        }
      ],
      "license": "MIT"
    },
    "node_modules/@cypress/xvfb": {
      "version": "1.2.4",
      "dev": true,
      "license": "MIT",
      "dependencies": {
        "debug": "^3.1.0",
        "lodash.once": "^4.1.1"
      }
    },
    "node_modules/@cypress/xvfb/node_modules/debug": {
      "version": "3.2.7",
      "dev": true,
      "license": "MIT",
      "dependencies": {
        "ms": "^2.1.1"
      }
    },
    "node_modules/@types/chai": {
      "version": "5.2.2",
      "dev": true,
      "license": "MIT",
      "dependencies": {
        "@types/deep-eql": "*"
      }
    },
    "node_modules/@types/chai-dom": {
      "version": "1.11.3",
      "resolved": "https://registry.npmjs.org/@types/chai-dom/-/chai-dom-1.11.3.tgz",
      "integrity": "sha512-EUEZI7uID4ewzxnU7DJXtyvykhQuwe+etJ1wwOiJyQRTH/ifMWKX+ghiXkxCUvNJ6IQDodf0JXhuP6zZcy2qXQ==",
      "dev": true,
      "license": "MIT",
      "dependencies": {
        "@types/chai": "*"
      }
    },
    "node_modules/@types/deep-eql": {
      "version": "4.0.2",
      "dev": true,
      "license": "MIT"
    },
    "node_modules/@types/lodash": {
      "version": "4.17.21",
      "resolved": "https://registry.npmjs.org/@types/lodash/-/lodash-4.17.21.tgz",
      "integrity": "sha512-FOvQ0YPD5NOfPgMzJihoT+Za5pdkDJWcbpuj1DjaKZIr/gxodQjY/uWEFlTNqW2ugXHUiL8lRQgw63dzKHZdeQ==",
      "dev": true,
      "license": "MIT"
    },
    "node_modules/@types/node": {
      "version": "24.5.2",
      "dev": true,
      "license": "MIT",
      "optional": true,
      "dependencies": {
        "undici-types": "~7.12.0"
      }
    },
    "node_modules/@types/sinonjs__fake-timers": {
      "version": "8.1.1",
      "dev": true,
      "license": "MIT"
    },
    "node_modules/@types/sizzle": {
      "version": "2.3.10",
      "dev": true,
      "license": "MIT"
    },
    "node_modules/@types/tmp": {
      "version": "0.2.6",
      "resolved": "https://registry.npmjs.org/@types/tmp/-/tmp-0.2.6.tgz",
      "integrity": "sha512-chhaNf2oKHlRkDGt+tiKE2Z5aJ6qalm7Z9rlLdBwmOiAAf09YQvvoLXjWK4HWPF1xU/fqvMgfNfpVoBscA/tKA==",
      "dev": true,
      "license": "MIT"
    },
    "node_modules/@types/yauzl": {
      "version": "2.10.3",
      "dev": true,
      "license": "MIT",
      "optional": true,
      "dependencies": {
        "@types/node": "*"
      }
    },
    "node_modules/aggregate-error": {
      "version": "3.1.0",
      "dev": true,
      "license": "MIT",
      "dependencies": {
        "clean-stack": "^2.0.0",
        "indent-string": "^4.0.0"
      },
      "engines": {
        "node": ">=8"
      }
    },
    "node_modules/ansi-colors": {
      "version": "4.1.3",
      "dev": true,
      "license": "MIT",
      "engines": {
        "node": ">=6"
      }
    },
    "node_modules/ansi-escapes": {
      "version": "4.3.2",
      "dev": true,
      "license": "MIT",
      "dependencies": {
        "type-fest": "^0.21.3"
      },
      "engines": {
        "node": ">=8"
      },
      "funding": {
        "url": "https://github.com/sponsors/sindresorhus"
      }
    },
    "node_modules/ansi-escapes/node_modules/type-fest": {
      "version": "0.21.3",
      "dev": true,
      "license": "(MIT OR CC0-1.0)",
      "engines": {
        "node": ">=10"
      },
      "funding": {
        "url": "https://github.com/sponsors/sindresorhus"
      }
    },
    "node_modules/ansi-regex": {
      "version": "5.0.1",
      "dev": true,
      "license": "MIT",
      "engines": {
        "node": ">=8"
      }
    },
    "node_modules/ansi-styles": {
      "version": "4.3.0",
      "dev": true,
      "license": "MIT",
      "dependencies": {
        "color-convert": "^2.0.1"
      },
      "engines": {
        "node": ">=8"
      },
      "funding": {
        "url": "https://github.com/chalk/ansi-styles?sponsor=1"
      }
    },
    "node_modules/arch": {
      "version": "2.2.0",
      "dev": true,
      "funding": [
        {
          "type": "github",
          "url": "https://github.com/sponsors/feross"
        },
        {
          "type": "patreon",
          "url": "https://www.patreon.com/feross"
        },
        {
          "type": "consulting",
          "url": "https://feross.org/support"
        }
      ],
      "license": "MIT"
    },
    "node_modules/asn1": {
      "version": "0.2.6",
      "dev": true,
      "license": "MIT",
      "dependencies": {
        "safer-buffer": "~2.1.0"
      }
    },
    "node_modules/assert-plus": {
      "version": "1.0.0",
      "dev": true,
      "license": "MIT",
      "engines": {
        "node": ">=0.8"
      }
    },
    "node_modules/astral-regex": {
      "version": "2.0.0",
      "dev": true,
      "license": "MIT",
      "engines": {
        "node": ">=8"
      }
    },
    "node_modules/asynckit": {
      "version": "0.4.0",
      "dev": true,
      "license": "MIT"
    },
    "node_modules/at-least-node": {
      "version": "1.0.0",
      "dev": true,
      "license": "ISC",
      "engines": {
        "node": ">= 4.0.0"
      }
    },
    "node_modules/aws-sign2": {
      "version": "0.7.0",
      "dev": true,
      "license": "Apache-2.0",
      "engines": {
        "node": "*"
      }
    },
    "node_modules/aws4": {
      "version": "1.13.2",
      "dev": true,
      "license": "MIT"
    },
    "node_modules/base64-js": {
      "version": "1.5.1",
      "dev": true,
      "funding": [
        {
          "type": "github",
          "url": "https://github.com/sponsors/feross"
        },
        {
          "type": "patreon",
          "url": "https://www.patreon.com/feross"
        },
        {
          "type": "consulting",
          "url": "https://feross.org/support"
        }
      ],
      "license": "MIT"
    },
    "node_modules/bcrypt-pbkdf": {
      "version": "1.0.2",
      "dev": true,
      "license": "BSD-3-Clause",
      "dependencies": {
        "tweetnacl": "^0.14.3"
      }
    },
    "node_modules/blob-util": {
      "version": "2.0.2",
      "dev": true,
      "license": "Apache-2.0"
    },
    "node_modules/bluebird": {
      "version": "3.7.2",
      "dev": true,
      "license": "MIT"
    },
    "node_modules/buffer": {
      "version": "5.7.1",
      "dev": true,
      "funding": [
        {
          "type": "github",
          "url": "https://github.com/sponsors/feross"
        },
        {
          "type": "patreon",
          "url": "https://www.patreon.com/feross"
        },
        {
          "type": "consulting",
          "url": "https://feross.org/support"
        }
      ],
      "license": "MIT",
      "dependencies": {
        "base64-js": "^1.3.1",
        "ieee754": "^1.1.13"
      }
    },
    "node_modules/buffer-crc32": {
      "version": "0.2.13",
      "dev": true,
      "license": "MIT",
      "engines": {
        "node": "*"
      }
    },
    "node_modules/buffer-from": {
      "version": "1.1.2",
      "dev": true,
      "license": "MIT"
    },
    "node_modules/cachedir": {
      "version": "2.4.0",
      "dev": true,
      "license": "MIT",
      "engines": {
        "node": ">=6"
      }
    },
    "node_modules/call-bind-apply-helpers": {
      "version": "1.0.2",
      "dev": true,
      "license": "MIT",
      "dependencies": {
        "es-errors": "^1.3.0",
        "function-bind": "^1.1.2"
      },
      "engines": {
        "node": ">= 0.4"
      }
    },
    "node_modules/call-bound": {
      "version": "1.0.4",
      "dev": true,
      "license": "MIT",
      "dependencies": {
        "call-bind-apply-helpers": "^1.0.2",
        "get-intrinsic": "^1.3.0"
      },
      "engines": {
        "node": ">= 0.4"
      },
      "funding": {
        "url": "https://github.com/sponsors/ljharb"
      }
    },
    "node_modules/caseless": {
      "version": "0.12.0",
      "dev": true,
      "license": "Apache-2.0"
    },
    "node_modules/chai": {
      "version": "6.2.1",
      "resolved": "https://registry.npmjs.org/chai/-/chai-6.2.1.tgz",
      "integrity": "sha512-p4Z49OGG5W/WBCPSS/dH3jQ73kD6tiMmUM+bckNK6Jr5JHMG3k9bg/BvKR8lKmtVBKmOiuVaV2ws8s9oSbwysg==",
      "license": "MIT",
      "engines": {
        "node": ">=18"
      }
    },
    "node_modules/chai-dom": {
      "version": "1.12.1",
      "resolved": "https://registry.npmjs.org/chai-dom/-/chai-dom-1.12.1.tgz",
      "integrity": "sha512-tvz+D0PJue2VHXRec3udgP/OeeXBiePU3VH6JhEnHQJYzvNzR2nUvEykA9dXVS76JvaUENSOYH8Ufr0kZSnlCQ==",
      "license": "MIT",
      "engines": {
        "node": ">= 0.12.0"
      },
      "peerDependencies": {
        "chai": ">= 3"
      }
    },
    "node_modules/chalk": {
      "version": "4.1.2",
      "dev": true,
      "license": "MIT",
      "dependencies": {
        "ansi-styles": "^4.1.0",
        "supports-color": "^7.1.0"
      },
      "engines": {
        "node": ">=10"
      },
      "funding": {
        "url": "https://github.com/chalk/chalk?sponsor=1"
      }
    },
    "node_modules/chalk/node_modules/supports-color": {
      "version": "7.2.0",
      "dev": true,
      "license": "MIT",
      "dependencies": {
        "has-flag": "^4.0.0"
      },
      "engines": {
        "node": ">=8"
      }
    },
    "node_modules/ci-info": {
      "version": "4.3.0",
      "dev": true,
      "funding": [
        {
          "type": "github",
          "url": "https://github.com/sponsors/sibiraj-s"
        }
      ],
      "license": "MIT",
      "engines": {
        "node": ">=8"
      }
    },
    "node_modules/clean-stack": {
      "version": "2.2.0",
      "dev": true,
      "license": "MIT",
      "engines": {
        "node": ">=6"
      }
    },
    "node_modules/cli-cursor": {
      "version": "3.1.0",
      "dev": true,
      "license": "MIT",
      "dependencies": {
        "restore-cursor": "^3.1.0"
      },
      "engines": {
        "node": ">=8"
      }
    },
    "node_modules/cli-table3": {
      "version": "0.6.1",
      "dev": true,
      "license": "MIT",
      "dependencies": {
        "string-width": "^4.2.0"
      },
      "engines": {
        "node": "10.* || >= 12.*"
      },
      "optionalDependencies": {
        "colors": "1.4.0"
      }
    },
    "node_modules/cli-truncate": {
      "version": "2.1.0",
      "dev": true,
      "license": "MIT",
      "dependencies": {
        "slice-ansi": "^3.0.0",
        "string-width": "^4.2.0"
      },
      "engines": {
        "node": ">=8"
      },
      "funding": {
        "url": "https://github.com/sponsors/sindresorhus"
      }
    },
    "node_modules/color-convert": {
      "version": "2.0.1",
      "dev": true,
      "license": "MIT",
      "dependencies": {
        "color-name": "~1.1.4"
      },
      "engines": {
        "node": ">=7.0.0"
      }
    },
    "node_modules/color-name": {
      "version": "1.1.4",
      "dev": true,
      "license": "MIT"
    },
    "node_modules/colorette": {
      "version": "2.0.20",
      "dev": true,
      "license": "MIT"
    },
    "node_modules/colors": {
      "version": "1.4.0",
      "dev": true,
      "license": "MIT",
      "engines": {
        "node": ">=0.1.90"
      }
    },
    "node_modules/combined-stream": {
      "version": "1.0.8",
      "dev": true,
      "license": "MIT",
      "dependencies": {
        "delayed-stream": "~1.0.0"
      },
      "engines": {
        "node": ">= 0.8"
      }
    },
    "node_modules/commander": {
      "version": "6.2.1",
      "dev": true,
      "license": "MIT",
      "engines": {
        "node": ">= 6"
      }
    },
    "node_modules/common-tags": {
      "version": "1.8.2",
      "dev": true,
      "license": "MIT",
      "engines": {
        "node": ">=4.0.0"
      }
    },
    "node_modules/concat-stream": {
      "version": "1.6.2",
      "dev": true,
      "engines": [
        "node >= 0.8"
      ],
      "license": "MIT",
      "dependencies": {
        "buffer-from": "^1.0.0",
        "inherits": "^2.0.3",
        "readable-stream": "^2.2.2",
        "typedarray": "^0.0.6"
      }
    },
    "node_modules/core-util-is": {
      "version": "1.0.2",
      "dev": true,
      "license": "MIT"
    },
    "node_modules/cross-spawn": {
      "version": "7.0.6",
      "dev": true,
      "license": "MIT",
      "dependencies": {
        "path-key": "^3.1.0",
        "shebang-command": "^2.0.0",
        "which": "^2.0.1"
      },
      "engines": {
        "node": ">= 8"
      }
    },
    "node_modules/cross-spawn/node_modules/which": {
      "version": "2.0.2",
      "dev": true,
      "license": "ISC",
      "dependencies": {
        "isexe": "^2.0.0"
      },
      "bin": {
        "node-which": "bin/node-which"
      },
      "engines": {
        "node": ">= 8"
      }
    },
    "node_modules/cypress": {
      "version": "15.8.1",
      "resolved": "https://registry.npmjs.org/cypress/-/cypress-15.8.1.tgz",
      "integrity": "sha512-ogc62stTQGh1395ipKxfCE5hQuSApTzeH5e0d9U6m7wYO9HQeCpgnkYtBtd0MbkN2Fnch5Od2mX9u4hoTlrH4Q==",
      "dev": true,
      "hasInstallScript": true,
      "license": "MIT",
      "dependencies": {
        "@cypress/request": "^3.0.9",
        "@cypress/xvfb": "^1.2.4",
        "@types/sinonjs__fake-timers": "8.1.1",
        "@types/sizzle": "^2.3.2",
        "@types/tmp": "^0.2.3",
        "arch": "^2.2.0",
        "blob-util": "^2.0.2",
        "bluebird": "^3.7.2",
        "buffer": "^5.7.1",
        "cachedir": "^2.3.0",
        "chalk": "^4.1.0",
        "ci-info": "^4.1.0",
        "cli-cursor": "^3.1.0",
        "cli-table3": "0.6.1",
        "commander": "^6.2.1",
        "common-tags": "^1.8.0",
        "dayjs": "^1.10.4",
        "debug": "^4.3.4",
        "enquirer": "^2.3.6",
        "eventemitter2": "6.4.7",
        "execa": "4.1.0",
        "executable": "^4.1.1",
        "extract-zip": "2.0.1",
        "figures": "^3.2.0",
        "fs-extra": "^9.1.0",
        "hasha": "5.2.2",
        "is-installed-globally": "~0.4.0",
        "listr2": "^3.8.3",
        "lodash": "^4.17.21",
        "log-symbols": "^4.0.0",
        "minimist": "^1.2.8",
        "ospath": "^1.2.2",
        "pretty-bytes": "^5.6.0",
        "process": "^0.11.10",
        "proxy-from-env": "1.0.0",
        "request-progress": "^3.0.0",
        "supports-color": "^8.1.1",
        "systeminformation": "^5.27.14",
        "tmp": "~0.2.4",
        "tree-kill": "1.2.2",
        "untildify": "^4.0.0",
        "yauzl": "^2.10.0"
      },
      "bin": {
        "cypress": "bin/cypress"
      },
      "engines": {
        "node": "^20.1.0 || ^22.0.0 || >=24.0.0"
      }
    },
    "node_modules/dashdash": {
      "version": "1.14.1",
      "dev": true,
      "license": "MIT",
      "dependencies": {
        "assert-plus": "^1.0.0"
      },
      "engines": {
        "node": ">=0.10"
      }
    },
    "node_modules/dayjs": {
      "version": "1.11.18",
      "dev": true,
      "license": "MIT"
    },
    "node_modules/debug": {
      "version": "4.4.3",
      "dev": true,
      "license": "MIT",
      "dependencies": {
        "ms": "^2.1.3"
      },
      "engines": {
        "node": ">=6.0"
      },
      "peerDependenciesMeta": {
        "supports-color": {
          "optional": true
        }
      }
    },
    "node_modules/delayed-stream": {
      "version": "1.0.0",
      "dev": true,
      "license": "MIT",
      "engines": {
        "node": ">=0.4.0"
      }
    },
    "node_modules/dunder-proto": {
      "version": "1.0.1",
      "dev": true,
      "license": "MIT",
      "dependencies": {
        "call-bind-apply-helpers": "^1.0.1",
        "es-errors": "^1.3.0",
        "gopd": "^1.2.0"
      },
      "engines": {
        "node": ">= 0.4"
      }
    },
    "node_modules/ecc-jsbn": {
      "version": "0.1.2",
      "dev": true,
      "license": "MIT",
      "dependencies": {
        "jsbn": "~0.1.0",
        "safer-buffer": "^2.1.0"
      }
    },
    "node_modules/emoji-regex": {
      "version": "8.0.0",
      "dev": true,
      "license": "MIT"
    },
    "node_modules/end-of-stream": {
      "version": "1.4.5",
      "dev": true,
      "license": "MIT",
      "dependencies": {
        "once": "^1.4.0"
      }
    },
    "node_modules/enquirer": {
      "version": "2.4.1",
      "dev": true,
      "license": "MIT",
      "dependencies": {
        "ansi-colors": "^4.1.1",
        "strip-ansi": "^6.0.1"
      },
      "engines": {
        "node": ">=8.6"
      }
    },
    "node_modules/es-define-property": {
      "version": "1.0.1",
      "dev": true,
      "license": "MIT",
      "engines": {
        "node": ">= 0.4"
      }
    },
    "node_modules/es-errors": {
      "version": "1.3.0",
      "dev": true,
      "license": "MIT",
      "engines": {
        "node": ">= 0.4"
      }
    },
    "node_modules/es-object-atoms": {
      "version": "1.1.1",
      "dev": true,
      "license": "MIT",
      "dependencies": {
        "es-errors": "^1.3.0"
      },
      "engines": {
        "node": ">= 0.4"
      }
    },
    "node_modules/es-set-tostringtag": {
      "version": "2.1.0",
      "dev": true,
      "license": "MIT",
      "dependencies": {
        "es-errors": "^1.3.0",
        "get-intrinsic": "^1.2.6",
        "has-tostringtag": "^1.0.2",
        "hasown": "^2.0.2"
      },
      "engines": {
        "node": ">= 0.4"
      }
    },
    "node_modules/escape-string-regexp": {
      "version": "1.0.5",
      "dev": true,
      "license": "MIT",
      "engines": {
        "node": ">=0.8.0"
      }
    },
    "node_modules/eventemitter2": {
      "version": "6.4.7",
      "dev": true,
      "license": "MIT"
    },
    "node_modules/execa": {
      "version": "4.1.0",
      "dev": true,
      "license": "MIT",
      "dependencies": {
        "cross-spawn": "^7.0.0",
        "get-stream": "^5.0.0",
        "human-signals": "^1.1.1",
        "is-stream": "^2.0.0",
        "merge-stream": "^2.0.0",
        "npm-run-path": "^4.0.0",
        "onetime": "^5.1.0",
        "signal-exit": "^3.0.2",
        "strip-final-newline": "^2.0.0"
      },
      "engines": {
        "node": ">=10"
      },
      "funding": {
        "url": "https://github.com/sindresorhus/execa?sponsor=1"
      }
    },
    "node_modules/executable": {
      "version": "4.1.1",
      "dev": true,
      "license": "MIT",
      "dependencies": {
        "pify": "^2.2.0"
      },
      "engines": {
        "node": ">=4"
      }
    },
    "node_modules/extend": {
      "version": "3.0.2",
      "dev": true,
      "license": "MIT"
    },
    "node_modules/extract-zip": {
      "version": "2.0.1",
      "dev": true,
      "license": "BSD-2-Clause",
      "dependencies": {
        "debug": "^4.1.1",
        "get-stream": "^5.1.0",
        "yauzl": "^2.10.0"
      },
      "bin": {
        "extract-zip": "cli.js"
      },
      "engines": {
        "node": ">= 10.17.0"
      },
      "optionalDependencies": {
        "@types/yauzl": "^2.9.1"
      }
    },
    "node_modules/extsprintf": {
      "version": "1.3.0",
      "dev": true,
      "engines": [
        "node >=0.6.0"
      ],
      "license": "MIT"
    },
    "node_modules/fd-slicer": {
      "version": "1.1.0",
      "dev": true,
      "license": "MIT",
      "dependencies": {
        "pend": "~1.2.0"
      }
    },
    "node_modules/figures": {
      "version": "3.2.0",
      "dev": true,
      "license": "MIT",
      "dependencies": {
        "escape-string-regexp": "^1.0.5"
      },
      "engines": {
        "node": ">=8"
      },
      "funding": {
        "url": "https://github.com/sponsors/sindresorhus"
      }
    },
    "node_modules/forever-agent": {
      "version": "0.6.1",
      "dev": true,
      "license": "Apache-2.0",
      "engines": {
        "node": "*"
      }
    },
    "node_modules/form-data": {
      "version": "4.0.4",
      "dev": true,
      "license": "MIT",
      "dependencies": {
        "asynckit": "^0.4.0",
        "combined-stream": "^1.0.8",
        "es-set-tostringtag": "^2.1.0",
        "hasown": "^2.0.2",
        "mime-types": "^2.1.12"
      },
      "engines": {
        "node": ">= 6"
      }
    },
    "node_modules/fs-extra": {
      "version": "9.1.0",
      "dev": true,
      "license": "MIT",
      "dependencies": {
        "at-least-node": "^1.0.0",
        "graceful-fs": "^4.2.0",
        "jsonfile": "^6.0.1",
        "universalify": "^2.0.0"
      },
      "engines": {
        "node": ">=10"
      }
    },
    "node_modules/function-bind": {
      "version": "1.1.2",
      "dev": true,
      "license": "MIT",
      "funding": {
        "url": "https://github.com/sponsors/ljharb"
      }
    },
    "node_modules/get-intrinsic": {
      "version": "1.3.0",
      "dev": true,
      "license": "MIT",
      "dependencies": {
        "call-bind-apply-helpers": "^1.0.2",
        "es-define-property": "^1.0.1",
        "es-errors": "^1.3.0",
        "es-object-atoms": "^1.1.1",
        "function-bind": "^1.1.2",
        "get-proto": "^1.0.1",
        "gopd": "^1.2.0",
        "has-symbols": "^1.1.0",
        "hasown": "^2.0.2",
        "math-intrinsics": "^1.1.0"
      },
      "engines": {
        "node": ">= 0.4"
      },
      "funding": {
        "url": "https://github.com/sponsors/ljharb"
      }
    },
    "node_modules/get-proto": {
      "version": "1.0.1",
      "dev": true,
      "license": "MIT",
      "dependencies": {
        "dunder-proto": "^1.0.1",
        "es-object-atoms": "^1.0.0"
      },
      "engines": {
        "node": ">= 0.4"
      }
    },
    "node_modules/get-stream": {
      "version": "5.2.0",
      "dev": true,
      "license": "MIT",
      "dependencies": {
        "pump": "^3.0.0"
      },
      "engines": {
        "node": ">=8"
      },
      "funding": {
        "url": "https://github.com/sponsors/sindresorhus"
      }
    },
    "node_modules/getpass": {
      "version": "0.1.7",
      "dev": true,
      "license": "MIT",
      "dependencies": {
        "assert-plus": "^1.0.0"
      }
    },
    "node_modules/global-dirs": {
      "version": "3.0.1",
      "dev": true,
      "license": "MIT",
      "dependencies": {
        "ini": "2.0.0"
      },
      "engines": {
        "node": ">=10"
      },
      "funding": {
        "url": "https://github.com/sponsors/sindresorhus"
      }
    },
    "node_modules/gopd": {
      "version": "1.2.0",
      "dev": true,
      "license": "MIT",
      "engines": {
        "node": ">= 0.4"
      },
      "funding": {
        "url": "https://github.com/sponsors/ljharb"
      }
    },
    "node_modules/graceful-fs": {
      "version": "4.2.11",
      "dev": true,
      "license": "ISC"
    },
    "node_modules/has-flag": {
      "version": "4.0.0",
      "dev": true,
      "license": "MIT",
      "engines": {
        "node": ">=8"
      }
    },
    "node_modules/has-symbols": {
      "version": "1.1.0",
      "dev": true,
      "license": "MIT",
      "engines": {
        "node": ">= 0.4"
      },
      "funding": {
        "url": "https://github.com/sponsors/ljharb"
      }
    },
    "node_modules/has-tostringtag": {
      "version": "1.0.2",
      "dev": true,
      "license": "MIT",
      "dependencies": {
        "has-symbols": "^1.0.3"
      },
      "engines": {
        "node": ">= 0.4"
      },
      "funding": {
        "url": "https://github.com/sponsors/ljharb"
      }
    },
    "node_modules/hasha": {
      "version": "5.2.2",
      "dev": true,
      "license": "MIT",
      "dependencies": {
        "is-stream": "^2.0.0",
        "type-fest": "^0.8.0"
      },
      "engines": {
        "node": ">=8"
      },
      "funding": {
        "url": "https://github.com/sponsors/sindresorhus"
      }
    },
    "node_modules/hasown": {
      "version": "2.0.2",
      "dev": true,
      "license": "MIT",
      "dependencies": {
        "function-bind": "^1.1.2"
      },
      "engines": {
        "node": ">= 0.4"
      }
    },
    "node_modules/http-signature": {
      "version": "1.4.0",
      "dev": true,
      "license": "MIT",
      "dependencies": {
        "assert-plus": "^1.0.0",
        "jsprim": "^2.0.2",
        "sshpk": "^1.18.0"
      },
      "engines": {
        "node": ">=0.10"
      }
    },
    "node_modules/human-signals": {
      "version": "1.1.1",
      "dev": true,
      "license": "Apache-2.0",
      "engines": {
        "node": ">=8.12.0"
      }
    },
    "node_modules/ieee754": {
      "version": "1.2.1",
      "dev": true,
      "funding": [
        {
          "type": "github",
          "url": "https://github.com/sponsors/feross"
        },
        {
          "type": "patreon",
          "url": "https://www.patreon.com/feross"
        },
        {
          "type": "consulting",
          "url": "https://feross.org/support"
        }
      ],
      "license": "BSD-3-Clause"
    },
    "node_modules/indent-string": {
      "version": "4.0.0",
      "dev": true,
      "license": "MIT",
      "engines": {
        "node": ">=8"
      }
    },
    "node_modules/inherits": {
      "version": "2.0.4",
      "dev": true,
      "license": "ISC"
    },
    "node_modules/ini": {
      "version": "2.0.0",
      "dev": true,
      "license": "ISC",
      "engines": {
        "node": ">=10"
      }
    },
    "node_modules/is-fullwidth-code-point": {
      "version": "3.0.0",
      "dev": true,
      "license": "MIT",
      "engines": {
        "node": ">=8"
      }
    },
    "node_modules/is-installed-globally": {
      "version": "0.4.0",
      "dev": true,
      "license": "MIT",
      "dependencies": {
        "global-dirs": "^3.0.0",
        "is-path-inside": "^3.0.2"
      },
      "engines": {
        "node": ">=10"
      },
      "funding": {
        "url": "https://github.com/sponsors/sindresorhus"
      }
    },
    "node_modules/is-path-inside": {
      "version": "3.0.3",
      "dev": true,
      "license": "MIT",
      "engines": {
        "node": ">=8"
      }
    },
    "node_modules/is-stream": {
      "version": "2.0.1",
      "dev": true,
      "license": "MIT",
      "engines": {
        "node": ">=8"
      },
      "funding": {
        "url": "https://github.com/sponsors/sindresorhus"
      }
    },
    "node_modules/is-typedarray": {
      "version": "1.0.0",
      "dev": true,
      "license": "MIT"
    },
    "node_modules/is-unicode-supported": {
      "version": "0.1.0",
      "dev": true,
      "license": "MIT",
      "engines": {
        "node": ">=10"
      },
      "funding": {
        "url": "https://github.com/sponsors/sindresorhus"
      }
    },
    "node_modules/isarray": {
      "version": "1.0.0",
      "dev": true,
      "license": "MIT"
    },
    "node_modules/isexe": {
      "version": "2.0.0",
      "dev": true,
      "license": "ISC"
    },
    "node_modules/isstream": {
      "version": "0.1.2",
      "dev": true,
      "license": "MIT"
    },
    "node_modules/js-precommit-hook": {
      "version": "2.1.3",
      "resolved": "git+ssh://git@github.com/ugent-library/js-precommit-hook.git#47ae3295849f50ece1fbb6c69efe8d66578c40f8",
      "dev": true,
      "license": "BSD-3-Clause",
      "dependencies": {
        "colors": "^1.4.0",
        "pre-commit": "^1.2.2",
        "promisify-child-process": "^4.1.2"
      }
    },
    "node_modules/jsbn": {
      "version": "0.1.1",
      "dev": true,
      "license": "MIT"
    },
    "node_modules/json-schema": {
      "version": "0.4.0",
      "dev": true,
      "license": "(AFL-2.1 OR BSD-3-Clause)"
    },
    "node_modules/json-stringify-safe": {
      "version": "5.0.1",
      "dev": true,
      "license": "ISC"
    },
    "node_modules/jsonfile": {
      "version": "6.2.0",
      "dev": true,
      "license": "MIT",
      "dependencies": {
        "universalify": "^2.0.0"
      },
      "optionalDependencies": {
        "graceful-fs": "^4.1.6"
      }
    },
    "node_modules/jsprim": {
      "version": "2.0.2",
      "dev": true,
      "engines": [
        "node >=0.6.0"
      ],
      "license": "MIT",
      "dependencies": {
        "assert-plus": "1.0.0",
        "extsprintf": "1.3.0",
        "json-schema": "0.4.0",
        "verror": "1.10.0"
      }
    },
    "node_modules/listr2": {
      "version": "3.14.0",
      "dev": true,
      "license": "MIT",
      "dependencies": {
        "cli-truncate": "^2.1.0",
        "colorette": "^2.0.16",
        "log-update": "^4.0.0",
        "p-map": "^4.0.0",
        "rfdc": "^1.3.0",
        "rxjs": "^7.5.1",
        "through": "^2.3.8",
        "wrap-ansi": "^7.0.0"
      },
      "engines": {
        "node": ">=10.0.0"
      },
      "peerDependencies": {
        "enquirer": ">= 2.3.0 < 3"
      },
      "peerDependenciesMeta": {
        "enquirer": {
          "optional": true
        }
      }
    },
    "node_modules/lodash": {
      "version": "4.17.21",
      "dev": true,
      "license": "MIT"
    },
    "node_modules/lodash.once": {
      "version": "4.1.1",
      "dev": true,
      "license": "MIT"
    },
    "node_modules/log-symbols": {
      "version": "4.1.0",
      "dev": true,
      "license": "MIT",
      "dependencies": {
        "chalk": "^4.1.0",
        "is-unicode-supported": "^0.1.0"
      },
      "engines": {
        "node": ">=10"
      },
      "funding": {
        "url": "https://github.com/sponsors/sindresorhus"
      }
    },
    "node_modules/log-update": {
      "version": "4.0.0",
      "dev": true,
      "license": "MIT",
      "dependencies": {
        "ansi-escapes": "^4.3.0",
        "cli-cursor": "^3.1.0",
        "slice-ansi": "^4.0.0",
        "wrap-ansi": "^6.2.0"
      },
      "engines": {
        "node": ">=10"
      },
      "funding": {
        "url": "https://github.com/sponsors/sindresorhus"
      }
    },
    "node_modules/log-update/node_modules/slice-ansi": {
      "version": "4.0.0",
      "dev": true,
      "license": "MIT",
      "dependencies": {
        "ansi-styles": "^4.0.0",
        "astral-regex": "^2.0.0",
        "is-fullwidth-code-point": "^3.0.0"
      },
      "engines": {
        "node": ">=10"
      },
      "funding": {
        "url": "https://github.com/chalk/slice-ansi?sponsor=1"
      }
    },
    "node_modules/log-update/node_modules/wrap-ansi": {
      "version": "6.2.0",
      "dev": true,
      "license": "MIT",
      "dependencies": {
        "ansi-styles": "^4.0.0",
        "string-width": "^4.1.0",
        "strip-ansi": "^6.0.0"
      },
      "engines": {
        "node": ">=8"
      }
    },
    "node_modules/math-intrinsics": {
      "version": "1.1.0",
      "dev": true,
      "license": "MIT",
      "engines": {
        "node": ">= 0.4"
      }
    },
    "node_modules/merge-stream": {
      "version": "2.0.0",
      "dev": true,
      "license": "MIT"
    },
    "node_modules/mime-db": {
      "version": "1.52.0",
      "dev": true,
      "license": "MIT",
      "engines": {
        "node": ">= 0.6"
      }
    },
    "node_modules/mime-types": {
      "version": "2.1.35",
      "dev": true,
      "license": "MIT",
      "dependencies": {
        "mime-db": "1.52.0"
      },
      "engines": {
        "node": ">= 0.6"
      }
    },
    "node_modules/mimic-fn": {
      "version": "2.1.0",
      "dev": true,
      "license": "MIT",
      "engines": {
        "node": ">=6"
      }
    },
    "node_modules/minimist": {
      "version": "1.2.8",
      "dev": true,
      "license": "MIT",
      "funding": {
        "url": "https://github.com/sponsors/ljharb"
      }
    },
    "node_modules/ms": {
      "version": "2.1.3",
      "dev": true,
      "license": "MIT"
    },
    "node_modules/npm-run-path": {
      "version": "4.0.1",
      "dev": true,
      "license": "MIT",
      "dependencies": {
        "path-key": "^3.0.0"
      },
      "engines": {
        "node": ">=8"
      }
    },
    "node_modules/object-inspect": {
      "version": "1.13.4",
      "dev": true,
      "license": "MIT",
      "engines": {
        "node": ">= 0.4"
      },
      "funding": {
        "url": "https://github.com/sponsors/ljharb"
      }
    },
    "node_modules/once": {
      "version": "1.4.0",
      "dev": true,
      "license": "ISC",
      "dependencies": {
        "wrappy": "1"
      }
    },
    "node_modules/onetime": {
      "version": "5.1.2",
      "dev": true,
      "license": "MIT",
      "dependencies": {
        "mimic-fn": "^2.1.0"
      },
      "engines": {
        "node": ">=6"
      },
      "funding": {
        "url": "https://github.com/sponsors/sindresorhus"
      }
    },
    "node_modules/os-shim": {
      "version": "0.1.3",
      "dev": true,
      "engines": {
        "node": ">= 0.4.0"
      }
    },
    "node_modules/ospath": {
      "version": "1.2.2",
      "dev": true,
      "license": "MIT"
    },
    "node_modules/p-map": {
      "version": "4.0.0",
      "dev": true,
      "license": "MIT",
      "dependencies": {
        "aggregate-error": "^3.0.0"
      },
      "engines": {
        "node": ">=10"
      },
      "funding": {
        "url": "https://github.com/sponsors/sindresorhus"
      }
    },
    "node_modules/path-key": {
      "version": "3.1.1",
      "dev": true,
      "license": "MIT",
      "engines": {
        "node": ">=8"
      }
    },
    "node_modules/pend": {
      "version": "1.2.0",
      "dev": true,
      "license": "MIT"
    },
    "node_modules/performance-now": {
      "version": "2.1.0",
      "dev": true,
      "license": "MIT"
    },
    "node_modules/pify": {
      "version": "2.3.0",
      "dev": true,
      "license": "MIT",
      "engines": {
        "node": ">=0.10.0"
      }
    },
    "node_modules/pre-commit": {
      "version": "1.2.2",
      "dev": true,
      "hasInstallScript": true,
      "license": "MIT",
      "dependencies": {
        "cross-spawn": "^5.0.1",
        "spawn-sync": "^1.0.15",
        "which": "1.2.x"
      }
    },
    "node_modules/pretty-bytes": {
      "version": "5.6.0",
      "dev": true,
      "license": "MIT",
      "engines": {
        "node": ">=6"
      },
      "funding": {
        "url": "https://github.com/sponsors/sindresorhus"
      }
    },
    "node_modules/process": {
      "version": "0.11.10",
      "dev": true,
      "license": "MIT",
      "engines": {
        "node": ">= 0.6.0"
      }
    },
    "node_modules/process-nextick-args": {
      "version": "2.0.1",
      "dev": true,
      "license": "MIT"
    },
    "node_modules/promisify-child-process": {
      "version": "4.1.2",
      "dev": true,
      "license": "MIT",
      "engines": {
        "node": ">=8"
      }
    },
    "node_modules/proxy-from-env": {
      "version": "1.0.0",
      "dev": true,
      "license": "MIT"
    },
    "node_modules/pump": {
      "version": "3.0.3",
      "dev": true,
      "license": "MIT",
      "dependencies": {
        "end-of-stream": "^1.1.0",
        "once": "^1.3.1"
      }
    },
    "node_modules/qs": {
      "version": "6.14.0",
      "dev": true,
      "license": "BSD-3-Clause",
      "dependencies": {
        "side-channel": "^1.1.0"
      },
      "engines": {
        "node": ">=0.6"
      },
      "funding": {
        "url": "https://github.com/sponsors/ljharb"
      }
    },
    "node_modules/readable-stream": {
      "version": "2.3.8",
      "dev": true,
      "license": "MIT",
      "dependencies": {
        "core-util-is": "~1.0.0",
        "inherits": "~2.0.3",
        "isarray": "~1.0.0",
        "process-nextick-args": "~2.0.0",
        "safe-buffer": "~5.1.1",
        "string_decoder": "~1.1.1",
        "util-deprecate": "~1.0.1"
      }
    },
    "node_modules/readable-stream/node_modules/core-util-is": {
      "version": "1.0.3",
      "dev": true,
      "license": "MIT"
    },
    "node_modules/request-progress": {
      "version": "3.0.0",
      "dev": true,
      "license": "MIT",
      "dependencies": {
        "throttleit": "^1.0.0"
      }
    },
    "node_modules/restore-cursor": {
      "version": "3.1.0",
      "dev": true,
      "license": "MIT",
      "dependencies": {
        "onetime": "^5.1.0",
        "signal-exit": "^3.0.2"
      },
      "engines": {
        "node": ">=8"
      }
    },
    "node_modules/rfdc": {
      "version": "1.4.1",
      "dev": true,
      "license": "MIT"
    },
    "node_modules/rxjs": {
      "version": "7.8.2",
      "dev": true,
      "license": "Apache-2.0",
      "dependencies": {
        "tslib": "^2.1.0"
      }
    },
    "node_modules/safe-buffer": {
      "version": "5.1.2",
      "dev": true,
      "license": "MIT"
    },
    "node_modules/safer-buffer": {
      "version": "2.1.2",
      "dev": true,
      "license": "MIT"
    },
    "node_modules/shebang-command": {
      "version": "2.0.0",
      "dev": true,
      "license": "MIT",
      "dependencies": {
        "shebang-regex": "^3.0.0"
      },
      "engines": {
        "node": ">=8"
      }
    },
    "node_modules/shebang-regex": {
      "version": "3.0.0",
      "dev": true,
      "license": "MIT",
      "engines": {
        "node": ">=8"
      }
    },
    "node_modules/side-channel": {
      "version": "1.1.0",
      "dev": true,
      "license": "MIT",
      "dependencies": {
        "es-errors": "^1.3.0",
        "object-inspect": "^1.13.3",
        "side-channel-list": "^1.0.0",
        "side-channel-map": "^1.0.1",
        "side-channel-weakmap": "^1.0.2"
      },
      "engines": {
        "node": ">= 0.4"
      },
      "funding": {
        "url": "https://github.com/sponsors/ljharb"
      }
    },
    "node_modules/side-channel-list": {
      "version": "1.0.0",
      "dev": true,
      "license": "MIT",
      "dependencies": {
        "es-errors": "^1.3.0",
        "object-inspect": "^1.13.3"
      },
      "engines": {
        "node": ">= 0.4"
      },
      "funding": {
        "url": "https://github.com/sponsors/ljharb"
      }
    },
    "node_modules/side-channel-map": {
      "version": "1.0.1",
      "dev": true,
      "license": "MIT",
      "dependencies": {
        "call-bound": "^1.0.2",
        "es-errors": "^1.3.0",
        "get-intrinsic": "^1.2.5",
        "object-inspect": "^1.13.3"
      },
      "engines": {
        "node": ">= 0.4"
      },
      "funding": {
        "url": "https://github.com/sponsors/ljharb"
      }
    },
    "node_modules/side-channel-weakmap": {
      "version": "1.0.2",
      "dev": true,
      "license": "MIT",
      "dependencies": {
        "call-bound": "^1.0.2",
        "es-errors": "^1.3.0",
        "get-intrinsic": "^1.2.5",
        "object-inspect": "^1.13.3",
        "side-channel-map": "^1.0.1"
      },
      "engines": {
        "node": ">= 0.4"
      },
      "funding": {
        "url": "https://github.com/sponsors/ljharb"
      }
    },
    "node_modules/signal-exit": {
      "version": "3.0.7",
      "dev": true,
      "license": "ISC"
    },
    "node_modules/slice-ansi": {
      "version": "3.0.0",
      "dev": true,
      "license": "MIT",
      "dependencies": {
        "ansi-styles": "^4.0.0",
        "astral-regex": "^2.0.0",
        "is-fullwidth-code-point": "^3.0.0"
      },
      "engines": {
        "node": ">=8"
      }
    },
    "node_modules/spawn-sync": {
      "version": "1.0.15",
      "dev": true,
      "hasInstallScript": true,
      "license": "MIT",
      "dependencies": {
        "concat-stream": "^1.4.7",
        "os-shim": "^0.1.2"
      }
    },
    "node_modules/sshpk": {
      "version": "1.18.0",
      "dev": true,
      "license": "MIT",
      "dependencies": {
        "asn1": "~0.2.3",
        "assert-plus": "^1.0.0",
        "bcrypt-pbkdf": "^1.0.0",
        "dashdash": "^1.12.0",
        "ecc-jsbn": "~0.1.1",
        "getpass": "^0.1.1",
        "jsbn": "~0.1.0",
        "safer-buffer": "^2.0.2",
        "tweetnacl": "~0.14.0"
      },
      "bin": {
        "sshpk-conv": "bin/sshpk-conv",
        "sshpk-sign": "bin/sshpk-sign",
        "sshpk-verify": "bin/sshpk-verify"
      },
      "engines": {
        "node": ">=0.10.0"
      }
    },
    "node_modules/string_decoder": {
      "version": "1.1.1",
      "dev": true,
      "license": "MIT",
      "dependencies": {
        "safe-buffer": "~5.1.0"
      }
    },
    "node_modules/string-width": {
      "version": "4.2.3",
      "dev": true,
      "license": "MIT",
      "dependencies": {
        "emoji-regex": "^8.0.0",
        "is-fullwidth-code-point": "^3.0.0",
        "strip-ansi": "^6.0.1"
      },
      "engines": {
        "node": ">=8"
      }
    },
    "node_modules/strip-ansi": {
      "version": "6.0.1",
      "dev": true,
      "license": "MIT",
      "dependencies": {
        "ansi-regex": "^5.0.1"
      },
      "engines": {
        "node": ">=8"
      }
    },
    "node_modules/strip-final-newline": {
      "version": "2.0.0",
      "dev": true,
      "license": "MIT",
      "engines": {
        "node": ">=6"
      }
    },
    "node_modules/supports-color": {
      "version": "8.1.1",
      "dev": true,
      "license": "MIT",
      "dependencies": {
        "has-flag": "^4.0.0"
      },
      "engines": {
        "node": ">=10"
      },
      "funding": {
        "url": "https://github.com/chalk/supports-color?sponsor=1"
      }
    },
    "node_modules/systeminformation": {
      "version": "5.27.14",
      "resolved": "https://registry.npmjs.org/systeminformation/-/systeminformation-5.27.14.tgz",
      "integrity": "sha512-3DoNDYSZBLxBwaJtQGWNpq0fonga/VZ47HY1+7/G3YoIPaPz93Df6egSzzTKbEMmlzUpy3eQ0nR9REuYIycXGg==",
      "dev": true,
      "license": "MIT",
      "os": [
        "darwin",
        "linux",
        "win32",
        "freebsd",
        "openbsd",
        "netbsd",
        "sunos",
        "android"
      ],
      "bin": {
        "systeminformation": "lib/cli.js"
      },
      "engines": {
        "node": ">=8.0.0"
      },
      "funding": {
        "type": "Buy me a coffee",
        "url": "https://www.buymeacoffee.com/systeminfo"
      }
    },
    "node_modules/throttleit": {
      "version": "1.0.1",
      "dev": true,
      "license": "MIT",
      "funding": {
        "url": "https://github.com/sponsors/sindresorhus"
      }
    },
    "node_modules/through": {
      "version": "2.3.8",
      "dev": true,
      "license": "MIT"
    },
    "node_modules/tldts": {
      "version": "6.1.86",
      "dev": true,
      "license": "MIT",
      "dependencies": {
        "tldts-core": "^6.1.86"
      },
      "bin": {
        "tldts": "bin/cli.js"
      }
    },
    "node_modules/tldts-core": {
      "version": "6.1.86",
      "dev": true,
      "license": "MIT"
    },
    "node_modules/tmp": {
      "version": "0.2.5",
      "dev": true,
      "license": "MIT",
      "engines": {
        "node": ">=14.14"
      }
    },
    "node_modules/tough-cookie": {
      "version": "5.1.2",
      "dev": true,
      "license": "BSD-3-Clause",
      "dependencies": {
        "tldts": "^6.1.32"
      },
      "engines": {
        "node": ">=16"
      }
    },
    "node_modules/tree-kill": {
      "version": "1.2.2",
      "dev": true,
      "license": "MIT",
      "bin": {
        "tree-kill": "cli.js"
      }
    },
    "node_modules/tslib": {
      "version": "2.8.1",
      "dev": true,
      "license": "0BSD"
    },
    "node_modules/tunnel-agent": {
      "version": "0.6.0",
      "dev": true,
      "license": "Apache-2.0",
      "dependencies": {
        "safe-buffer": "^5.0.1"
      },
      "engines": {
        "node": "*"
      }
    },
    "node_modules/tunnel-agent/node_modules/safe-buffer": {
      "version": "5.2.1",
      "dev": true,
      "funding": [
        {
          "type": "github",
          "url": "https://github.com/sponsors/feross"
        },
        {
          "type": "patreon",
          "url": "https://www.patreon.com/feross"
        },
        {
          "type": "consulting",
          "url": "https://feross.org/support"
        }
      ],
      "license": "MIT"
    },
    "node_modules/tweetnacl": {
      "version": "0.14.5",
      "dev": true,
      "license": "Unlicense"
    },
    "node_modules/type-fest": {
      "version": "0.8.1",
      "dev": true,
      "license": "(MIT OR CC0-1.0)",
      "engines": {
        "node": ">=8"
      }
    },
    "node_modules/typedarray": {
      "version": "0.0.6",
      "dev": true,
      "license": "MIT"
    },
    "node_modules/typescript": {
      "version": "5.9.3",
      "resolved": "https://registry.npmjs.org/typescript/-/typescript-5.9.3.tgz",
      "integrity": "sha512-jl1vZzPDinLr9eUt3J/t7V6FgNEw9QjvBPdysz9KfQDD41fQrC2Y4vKQdiaUpFT4bXlb1RHhLpp8wtm6M5TgSw==",
      "dev": true,
      "license": "Apache-2.0",
      "bin": {
        "tsc": "bin/tsc",
        "tsserver": "bin/tsserver"
      },
      "engines": {
        "node": ">=14.17"
      }
    },
    "node_modules/undici-types": {
      "version": "7.12.0",
      "dev": true,
      "license": "MIT",
      "optional": true
    },
    "node_modules/universalify": {
      "version": "2.0.1",
      "dev": true,
      "license": "MIT",
      "engines": {
        "node": ">= 10.0.0"
      }
    },
    "node_modules/untildify": {
      "version": "4.0.0",
      "dev": true,
      "license": "MIT",
      "engines": {
        "node": ">=8"
      }
    },
    "node_modules/util-deprecate": {
      "version": "1.0.2",
      "dev": true,
      "license": "MIT"
    },
    "node_modules/uuid": {
      "version": "8.3.2",
      "dev": true,
      "license": "MIT",
      "bin": {
        "uuid": "dist/bin/uuid"
      }
    },
    "node_modules/verror": {
      "version": "1.10.0",
      "dev": true,
      "engines": [
        "node >=0.6.0"
      ],
      "license": "MIT",
      "dependencies": {
        "assert-plus": "^1.0.0",
        "core-util-is": "1.0.2",
        "extsprintf": "^1.2.0"
      }
    },
    "node_modules/verror/node_modules/extsprintf": {
      "version": "1.4.1",
      "dev": true,
      "engines": [
        "node >=0.6.0"
      ],
      "license": "MIT"
    },
    "node_modules/which": {
      "version": "1.2.14",
      "dev": true,
      "license": "ISC",
      "dependencies": {
        "isexe": "^2.0.0"
      },
      "bin": {
        "which": "bin/which"
      }
    },
    "node_modules/wrap-ansi": {
      "version": "7.0.0",
      "dev": true,
      "license": "MIT",
      "dependencies": {
        "ansi-styles": "^4.0.0",
        "string-width": "^4.1.0",
        "strip-ansi": "^6.0.0"
      },
      "engines": {
        "node": ">=10"
      },
      "funding": {
        "url": "https://github.com/chalk/wrap-ansi?sponsor=1"
      }
    },
    "node_modules/wrappy": {
      "version": "1.0.2",
      "dev": true,
      "license": "ISC"
    },
    "node_modules/yauzl": {
      "version": "2.10.0",
      "dev": true,
      "license": "MIT",
      "dependencies": {
        "buffer-crc32": "~0.2.3",
        "fd-slicer": "~1.1.0"
      }
    }
  }
}
